<?xml version="1.0" encoding="utf-8"?>
<Project ToolsVersion="4.0" xmlns="http://schemas.microsoft.com/developer/msbuild/2003">
  <ItemGroup>
    <ClCompile Include="CPR_Test.cpp" />
    <ClCompile Include="Map.cpp">
      <Filter>Map</Filter>
    </ClCompile>
  </ItemGroup>
  <ItemGroup>
    <ClInclude Include="CPR_Framework.h" />
    <ClInclude Include="Map.h">
      <Filter>Map</Filter>
    </ClInclude>
  </ItemGroup>
  <ItemGroup>
    <Text Include="Test.txt" />
  </ItemGroup>
  <ItemGroup>
    <Filter Include="Map">
      <UniqueIdentifier>{295f02ea-c841-4dac-bd73-7ddf294509fe}</UniqueIdentifier>
    </Filter>
  </ItemGroup>
</Project>