<?xml version="1.0" encoding="utf-8"?>
<Project ToolsVersion="4.0" xmlns="http://schemas.microsoft.com/developer/msbuild/2003">
  <ItemGroup>
    <ClCompile Include="CPR_Test.cpp" />
    <ClCompile Include="Map.cpp">
      <Filter>Map</Filter>
    </ClCompile>
    <ClCompile Include="Camera.cpp">
      <Filter>Player\Camera</Filter>
    </ClCompile>
    <ClCompile Include="Skycrapper.cpp">
      <Filter>Map</Filter>
    </ClCompile>
    <ClCompile Include="Bird.cpp">
      <Filter>AI</Filter>
    </ClCompile>
    <ClCompile Include="BirdFlock.cpp">
      <Filter>AI</Filter>
    </ClCompile>
    <ClCompile Include="AIController.cpp">
      <Filter>AI</Filter>
    </ClCompile>
    <ClCompile Include="Game.cpp">
      <Filter>General</Filter>
    </ClCompile>
    <ClCompile Include="Crosshair.cpp">
      <Filter>Player\Camera</Filter>
    </ClCompile>
    <ClCompile Include="Player.cpp">
      <Filter>Player</Filter>
    </ClCompile>
    <ClCompile Include="RedBall.cpp">
      <Filter>Player\ShootingComponent</Filter>
    </ClCompile>
    <ClCompile Include="PlayerController.cpp">
      <Filter>Player</Filter>
    </ClCompile>
    <ClCompile Include="Drawable.cpp">
      <Filter>Utilities</Filter>
    </ClCompile>
    <ClCompile Include="Collision.cpp">
      <Filter>Utilities</Filter>
    </ClCompile>
  </ItemGroup>
  <ItemGroup>
    <ClInclude Include="Map.h">
      <Filter>Map</Filter>
    </ClInclude>
    <ClInclude Include="Camera.h">
      <Filter>Player\Camera</Filter>
    </ClInclude>
    <ClInclude Include="CPR_Framework.h">
      <Filter>Framework</Filter>
    </ClInclude>
    <ClInclude Include="Skycrapper.h">
      <Filter>Map</Filter>
    </ClInclude>
    <ClInclude Include="Defines.h">
      <Filter>Utilities</Filter>
    </ClInclude>
    <ClInclude Include="Bird.h">
      <Filter>AI</Filter>
    </ClInclude>
    <ClInclude Include="BirdFlock.h">
      <Filter>AI</Filter>
    </ClInclude>
    <ClInclude Include="AIController.h">
      <Filter>AI</Filter>
    </ClInclude>
    <ClInclude Include="Game.h">
      <Filter>General</Filter>
    </ClInclude>
    <ClInclude Include="Crosshair.h">
      <Filter>Player\Camera</Filter>
    </ClInclude>
    <ClInclude Include="Player.h">
      <Filter>Player</Filter>
    </ClInclude>
    <ClInclude Include="RedBall.h">
      <Filter>Player\ShootingComponent</Filter>
    </ClInclude>
    <ClInclude Include="PlayerController.h">
      <Filter>Player</Filter>
    </ClInclude>
    <ClInclude Include="Drawable.h">
      <Filter>Utilities</Filter>
    </ClInclude>
    <ClInclude Include="Collision.h">
      <Filter>Utilities</Filter>
    </ClInclude>
  </ItemGroup>
  <ItemGroup>
    <Text Include="Test.txt" />
  </ItemGroup>
  <ItemGroup>
    <Filter Include="Map">
      <UniqueIdentifier>{295f02ea-c841-4dac-bd73-7ddf294509fe}</UniqueIdentifier>
    </Filter>
    <Filter Include="Framework">
      <UniqueIdentifier>{92d61e93-0d85-4f64-bb53-81da0feed880}</UniqueIdentifier>
    </Filter>
    <Filter Include="Utilities">
      <UniqueIdentifier>{8f4e5031-640d-41a4-a996-97e25cf359ec}</UniqueIdentifier>
    </Filter>
    <Filter Include="AI">
      <UniqueIdentifier>{c89bfae2-bdb9-4c57-83be-4ffae2a8928c}</UniqueIdentifier>
    </Filter>
    <Filter Include="General">
      <UniqueIdentifier>{8ce64c0e-9eb4-43d0-8054-fe03d3a462d8}</UniqueIdentifier>
    </Filter>
    <Filter Include="Player">
      <UniqueIdentifier>{cfe9d583-c562-41f1-bbd9-2e6f765097bc}</UniqueIdentifier>
    </Filter>
    <Filter Include="Player\Camera">
      <UniqueIdentifier>{4049fdde-6a72-46a2-a819-5f9442b6cebb}</UniqueIdentifier>
    </Filter>
    <Filter Include="Player\ShootingComponent">
      <UniqueIdentifier>{70089c86-263c-453d-ac69-f7e0d24f479e}</UniqueIdentifier>
    </Filter>
  </ItemGroup>
</Project>